
Microsoft Visual Studio Solution File, Format Version 12.00
# Visual Studio Version 17
VisualStudioVersion = 17.8.34309.116
MinimumVisualStudioVersion = 10.0.40219.1
Project("{9A19103F-16F7-4668-BE54-9A1E7A4F7556}") = "MyNewUmbracoSolution", "MyNewUmbracoSolution.csproj", "{2F562818-6966-4C0F-9CF1-9ECD291EEE6F}"
EndProject
Global
	GlobalSection(SolutionConfigurationPlatforms) = preSolution
		Debug|Any CPU = Debug|Any CPU
		Release|Any CPU = Release|Any CPU
	EndGlobalSection
	GlobalSection(ProjectConfigurationPlatforms) = postSolution
		{2F562818-6966-4C0F-9CF1-9ECD291EEE6F}.Debug|Any CPU.ActiveCfg = Debug|Any CPU
		{2F562818-6966-4C0F-9CF1-9ECD291EEE6F}.Debug|Any CPU.Build.0 = Debug|Any CPU
		{2F562818-6966-4C0F-9CF1-9ECD291EEE6F}.Release|Any CPU.ActiveCfg = Release|Any CPU
		{2F562818-6966-4C0F-9CF1-9ECD291EEE6F}.Release|Any CPU.Build.0 = Release|Any CPU
	EndGlobalSection
	GlobalSection(SolutionProperties) = preSolution
		HideSolutionNode = FALSE
	EndGlobalSection
	GlobalSection(ExtensibilityGlobals) = postSolution
		SolutionGuid = {FCD9EF7F-60FC-4E98-A384-97B8916E79B0}
	EndGlobalSection
EndGlobal
